
Microsoft Visual Studio Solution File, Format Version 12.00
# Visual Studio 15
VisualStudioVersion = 15.0.28307.106
MinimumVisualStudioVersion = 10.0.40219.1
Project("{9092AA53-FB77-4645-B42D-1CCCA6BD08BD}") = "ExpressApp1", "ExpressApp1\ExpressApp1.njsproj", "{237DC941-B81B-4EF3-ACB3-D418BBBE0A72}"
EndProject
Global
	GlobalSection(SolutionConfigurationPlatforms) = preSolution
		Debug|Any CPU = Debug|Any CPU
		Release|Any CPU = Release|Any CPU
	EndGlobalSection
	GlobalSection(ProjectConfigurationPlatforms) = postSolution
		{237DC941-B81B-4EF3-ACB3-D418BBBE0A72}.Debug|Any CPU.ActiveCfg = Debug|Any CPU
		{237DC941-B81B-4EF3-ACB3-D418BBBE0A72}.Debug|Any CPU.Build.0 = Debug|Any CPU
		{237DC941-B81B-4EF3-ACB3-D418BBBE0A72}.Release|Any CPU.ActiveCfg = Release|Any CPU
		{237DC941-B81B-4EF3-ACB3-D418BBBE0A72}.Release|Any CPU.Build.0 = Release|Any CPU
	EndGlobalSection
	GlobalSection(SolutionProperties) = preSolution
		HideSolutionNode = FALSE
	EndGlobalSection
	GlobalSection(ExtensibilityGlobals) = postSolution
		SolutionGuid = {F26A43D4-188A-4775-AFC9-AE9834555383}
	EndGlobalSection
EndGlobal
