
Microsoft Visual Studio Solution File, Format Version 12.00
# Visual Studio 15
VisualStudioVersion = 15.0.28307.106
MinimumVisualStudioVersion = 10.0.40219.1
Project("{9092AA53-FB77-4645-B42D-1CCCA6BD08BD}") = "trial3", "trial3\trial3.njsproj", "{94924B16-8D93-4AB8-B243-5C680BC5D10C}"
EndProject
Global
	GlobalSection(SolutionConfigurationPlatforms) = preSolution
		Debug|Any CPU = Debug|Any CPU
		Release|Any CPU = Release|Any CPU
	EndGlobalSection
	GlobalSection(ProjectConfigurationPlatforms) = postSolution
		{94924B16-8D93-4AB8-B243-5C680BC5D10C}.Debug|Any CPU.ActiveCfg = Debug|Any CPU
		{94924B16-8D93-4AB8-B243-5C680BC5D10C}.Debug|Any CPU.Build.0 = Debug|Any CPU
		{94924B16-8D93-4AB8-B243-5C680BC5D10C}.Release|Any CPU.ActiveCfg = Release|Any CPU
		{94924B16-8D93-4AB8-B243-5C680BC5D10C}.Release|Any CPU.Build.0 = Release|Any CPU
	EndGlobalSection
	GlobalSection(SolutionProperties) = preSolution
		HideSolutionNode = FALSE
	EndGlobalSection
	GlobalSection(ExtensibilityGlobals) = postSolution
		SolutionGuid = {86B3D26C-9259-4D46-8980-1C0B266B3E78}
	EndGlobalSection
EndGlobal
