
Microsoft Visual Studio Solution File, Format Version 12.00
# Visual Studio 15
VisualStudioVersion = 15.0.28307.106
MinimumVisualStudioVersion = 10.0.40219.1
Project("{9092AA53-FB77-4645-B42D-1CCCA6BD08BD}") = "NodejsConsoleApp1", "NodejsConsoleApp1\NodejsConsoleApp1.njsproj", "{38D58F2B-9159-4E49-BAB8-914E0653AA93}"
EndProject
Global
	GlobalSection(SolutionConfigurationPlatforms) = preSolution
		Debug|Any CPU = Debug|Any CPU
		Release|Any CPU = Release|Any CPU
	EndGlobalSection
	GlobalSection(ProjectConfigurationPlatforms) = postSolution
		{38D58F2B-9159-4E49-BAB8-914E0653AA93}.Debug|Any CPU.ActiveCfg = Debug|Any CPU
		{38D58F2B-9159-4E49-BAB8-914E0653AA93}.Debug|Any CPU.Build.0 = Debug|Any CPU
		{38D58F2B-9159-4E49-BAB8-914E0653AA93}.Release|Any CPU.ActiveCfg = Release|Any CPU
		{38D58F2B-9159-4E49-BAB8-914E0653AA93}.Release|Any CPU.Build.0 = Release|Any CPU
	EndGlobalSection
	GlobalSection(SolutionProperties) = preSolution
		HideSolutionNode = FALSE
	EndGlobalSection
	GlobalSection(ExtensibilityGlobals) = postSolution
		SolutionGuid = {CE3015C5-94C8-4F60-AE86-424BC6704248}
	EndGlobalSection
EndGlobal
